<?xml version="1.0" encoding="utf-8"?>
<Project ToolsVersion="4.0" xmlns="http://schemas.microsoft.com/developer/msbuild/2003">
  <ItemGroup>
    <Filter Include="ソース ファイル">
      <UniqueIdentifier>{4FC737F1-C7A5-4376-A066-2A32D752A2FF}</UniqueIdentifier>
      <Extensions>cpp;c;cc;cxx;c++;cppm;ixx;def;odl;idl;hpj;bat;asm;asmx</Extensions>
    </Filter>
    <Filter Include="ヘッダー ファイル">
      <UniqueIdentifier>{93995380-89BD-4b04-88EB-625FBE52EBFB}</UniqueIdentifier>
      <Extensions>h;hh;hpp;hxx;h++;hm;inl;inc;ipp;xsd</Extensions>
    </Filter>
    <Filter Include="リソース ファイル">
      <UniqueIdentifier>{67DA6AB6-F800-4c08-8B7A-83BB121AAD01}</UniqueIdentifier>
      <Extensions>rc;ico;cur;bmp;dlg;rc2;rct;bin;rgs;gif;jpg;jpeg;jpe;resx;tiff;tif;png;wav;mfcribbon-ms</Extensions>
    </Filter>
    <Filter Include="ソース ファイル\Component">
      <UniqueIdentifier>{aa5373ea-83ee-4931-9100-908315b3fca1}</UniqueIdentifier>
    </Filter>
    <Filter Include="ソース ファイル\Definition">
      <UniqueIdentifier>{4a7650d8-6533-41bc-b55e-fb57b8d5fdee}</UniqueIdentifier>
    </Filter>
    <Filter Include="ソース ファイル\DesignPattern">
      <UniqueIdentifier>{30bf109e-f846-4634-ac92-075ed3135182}</UniqueIdentifier>
    </Filter>
    <Filter Include="ソース ファイル\GameObject">
      <UniqueIdentifier>{6ea3be9d-b8ce-4ec7-8df8-b3257fc4fa76}</UniqueIdentifier>
    </Filter>
    <Filter Include="ソース ファイル\Library">
      <UniqueIdentifier>{06681eae-013b-4b7c-aef8-a5ed7f8f47d9}</UniqueIdentifier>
    </Filter>
    <Filter Include="ソース ファイル\Manager">
      <UniqueIdentifier>{f32849f3-2d13-4822-b24a-adc295f56e4b}</UniqueIdentifier>
    </Filter>
    <Filter Include="ソース ファイル\Component\Camera">
      <UniqueIdentifier>{70ee4775-d707-499e-aec5-140ea58b164d}</UniqueIdentifier>
    </Filter>
    <Filter Include="ソース ファイル\Component\Collider">
      <UniqueIdentifier>{3ee37264-1798-4b9d-be4b-4b050bf7b0d6}</UniqueIdentifier>
    </Filter>
    <Filter Include="ソース ファイル\Component\Transform">
      <UniqueIdentifier>{51073a2d-8e37-4a0b-902f-82a52d49e1c1}</UniqueIdentifier>
    </Filter>
    <Filter Include="ソース ファイル\Component\Camera\Movement">
      <UniqueIdentifier>{097a8851-c2e2-4a8b-bd4b-cc51ec80e779}</UniqueIdentifier>
    </Filter>
    <Filter Include="ソース ファイル\Component\Camera\Movement\Free">
      <UniqueIdentifier>{f8c49d58-80d9-407c-b205-d99a6424aeaf}</UniqueIdentifier>
    </Filter>
    <Filter Include="ソース ファイル\Definition\CommonModule">
      <UniqueIdentifier>{8f96ada0-5b54-4906-a8a5-e09344804a5c}</UniqueIdentifier>
    </Filter>
    <Filter Include="ソース ファイル\Definition\Const">
      <UniqueIdentifier>{22033011-4e38-467b-aedc-823f281e45a7}</UniqueIdentifier>
    </Filter>
    <Filter Include="ソース ファイル\Definition\Enum">
      <UniqueIdentifier>{8e72cfa5-40c5-430b-8d21-0c7b50832367}</UniqueIdentifier>
    </Filter>
    <Filter Include="ソース ファイル\Definition\CommonModule\Json">
      <UniqueIdentifier>{10b71640-b448-4d9c-80b8-b7c393aa75f4}</UniqueIdentifier>
    </Filter>
    <Filter Include="ソース ファイル\Definition\CommonModule\Math">
      <UniqueIdentifier>{b912d901-f992-46a0-af57-dd32b26de842}</UniqueIdentifier>
    </Filter>
    <Filter Include="ソース ファイル\Definition\CommonModule\String">
      <UniqueIdentifier>{93386729-3c41-49df-9f94-d1e33539c2b2}</UniqueIdentifier>
    </Filter>
    <Filter Include="ソース ファイル\DesignPattern\Singleton">
      <UniqueIdentifier>{7e16eb7f-88ad-4bab-bf8c-3a2de26c221e}</UniqueIdentifier>
    </Filter>
    <Filter Include="ソース ファイル\GameObject\Camera">
      <UniqueIdentifier>{98e177c6-0b5a-48c7-aa06-a0aa2d9404be}</UniqueIdentifier>
    </Filter>
    <Filter Include="ソース ファイル\Library\Matrix">
      <UniqueIdentifier>{2d688a57-85a7-43eb-a373-b43cd97277f6}</UniqueIdentifier>
    </Filter>
    <Filter Include="ソース ファイル\Library\Vector">
      <UniqueIdentifier>{bc37c4b3-6e0a-4f21-ba5d-1cfb6dca9b82}</UniqueIdentifier>
    </Filter>
    <Filter Include="ソース ファイル\Manager\Collision">
      <UniqueIdentifier>{b51801c4-2c00-4ce2-943c-11d86fdbe523}</UniqueIdentifier>
    </Filter>
    <Filter Include="ソース ファイル\Manager\Collision\Collider">
      <UniqueIdentifier>{78b3f6e7-6a9a-401c-ad0a-74cd455662a1}</UniqueIdentifier>
    </Filter>
    <Filter Include="ソース ファイル\Manager\Collision\NarrowPhase">
      <UniqueIdentifier>{897c113b-7c59-4a5b-8496-4269f055b3e0}</UniqueIdentifier>
    </Filter>
    <Filter Include="ソース ファイル\Manager\Collision\Octree">
      <UniqueIdentifier>{adae2d6e-2ff5-41fc-90b1-a640ea43fe2a}</UniqueIdentifier>
    </Filter>
    <Filter Include="ソース ファイル\Manager\Fade">
      <UniqueIdentifier>{0d71c698-343c-4d29-bdf3-532f6d418845}</UniqueIdentifier>
    </Filter>
    <Filter Include="ソース ファイル\Manager\Fade\FadeMode">
      <UniqueIdentifier>{73297e68-d169-4a9a-9c38-9e66ca07c0dc}</UniqueIdentifier>
    </Filter>
    <Filter Include="ソース ファイル\Manager\GameObject">
      <UniqueIdentifier>{aa8f3c2d-72a7-4f1f-8d39-5221aa287665}</UniqueIdentifier>
    </Filter>
    <Filter Include="ソース ファイル\Manager\GameObject\Generator">
      <UniqueIdentifier>{bf56d689-7f0f-4e32-bd3c-adcd4f87694a}</UniqueIdentifier>
    </Filter>
    <Filter Include="ソース ファイル\Manager\Input">
      <UniqueIdentifier>{2ebe3462-0bd2-4974-969d-f3ba959345b9}</UniqueIdentifier>
    </Filter>
    <Filter Include="ソース ファイル\Manager\Input\Pad">
      <UniqueIdentifier>{fc036240-38c1-4f23-ae44-8af256ac4112}</UniqueIdentifier>
    </Filter>
    <Filter Include="ソース ファイル\Manager\Input\Pad\DirectInput">
      <UniqueIdentifier>{5970c34b-cff9-4a19-a95c-71218b0f5845}</UniqueIdentifier>
    </Filter>
    <Filter Include="ソース ファイル\Manager\Input\Pad\XInput">
      <UniqueIdentifier>{5152d921-01fe-443a-8b49-a70d84dcf1bd}</UniqueIdentifier>
    </Filter>
    <Filter Include="ソース ファイル\Manager\Instance">
      <UniqueIdentifier>{64e78a24-d015-4f35-80fa-5c111b7f05f1}</UniqueIdentifier>
    </Filter>
    <Filter Include="ソース ファイル\Manager\Instance\Audio">
      <UniqueIdentifier>{693745ec-a144-4110-baf8-8658715e7c74}</UniqueIdentifier>
    </Filter>
    <Filter Include="ソース ファイル\Manager\Instance\Effect">
      <UniqueIdentifier>{74efac74-71fe-4b6a-8946-09c5e742c3dc}</UniqueIdentifier>
    </Filter>
    <Filter Include="ソース ファイル\Manager\Instance\Audio\Instance">
      <UniqueIdentifier>{4420f24c-8be7-439d-9806-f81aa8ddbee2}</UniqueIdentifier>
    </Filter>
    <Filter Include="ソース ファイル\Manager\Instance\Effect\Instance">
      <UniqueIdentifier>{4b300f7a-f860-422e-8abb-83576a639adb}</UniqueIdentifier>
    </Filter>
    <Filter Include="ソース ファイル\Manager\Resource">
      <UniqueIdentifier>{45c06836-1139-4846-970d-0872aa32c1d6}</UniqueIdentifier>
    </Filter>
    <Filter Include="ソース ファイル\Manager\Resource\Audio">
      <UniqueIdentifier>{694edb76-60ab-4cfd-8764-1ab26d9b9fed}</UniqueIdentifier>
    </Filter>
    <Filter Include="ソース ファイル\Manager\Resource\Audio\Resource">
      <UniqueIdentifier>{3afc1274-9033-452b-a73d-e01dcdedea90}</UniqueIdentifier>
    </Filter>
    <Filter Include="ソース ファイル\Manager\Resource\Effect">
      <UniqueIdentifier>{7ae7c3df-57ba-459a-8ce3-f3290969dfbe}</UniqueIdentifier>
    </Filter>
    <Filter Include="ソース ファイル\Manager\Resource\Effect\Resource">
      <UniqueIdentifier>{bfd5ce9b-d280-4568-8290-cbebf942e214}</UniqueIdentifier>
    </Filter>
    <Filter Include="ソース ファイル\Manager\Resource\Model">
      <UniqueIdentifier>{d64fa890-628c-4a44-a577-f86160f5e7c7}</UniqueIdentifier>
    </Filter>
    <Filter Include="ソース ファイル\Manager\Scene">
      <UniqueIdentifier>{22c2fae7-a1bb-40f6-9594-c89c9b1cf9d8}</UniqueIdentifier>
    </Filter>
    <Filter Include="ソース ファイル\Manager\Scene\GameScene">
      <UniqueIdentifier>{096fffde-e1db-4dc7-80fe-ea028280829d}</UniqueIdentifier>
    </Filter>
    <Filter Include="ソース ファイル\Manager\Scene\GameScene\Debug">
      <UniqueIdentifier>{2b7c1d27-88ea-44f1-935c-b4b612d90ae5}</UniqueIdentifier>
    </Filter>
    <Filter Include="ソース ファイル\Manager\Scene\GameScene\MainGame">
      <UniqueIdentifier>{b0c080b5-5b9e-42e1-ac59-48358f7972d9}</UniqueIdentifier>
    </Filter>
    <Filter Include="ソース ファイル\Manager\Scene\GameScene\Title">
      <UniqueIdentifier>{26337a12-17b3-42f5-841f-2422e9914497}</UniqueIdentifier>
    </Filter>
    <Filter Include="ソース ファイル\Manager\Time">
      <UniqueIdentifier>{e2d70bd5-45f8-4fc1-8fcc-411ab1669b78}</UniqueIdentifier>
    </Filter>
    <Filter Include="ImGui">
      <UniqueIdentifier>{92bb9175-71e5-4d7e-80fe-96e11431ef6d}</UniqueIdentifier>
    </Filter>
    <Filter Include="ソース ファイル\Data">
      <UniqueIdentifier>{2f2e434b-49e0-43e3-b951-f16206adba48}</UniqueIdentifier>
    </Filter>
    <Filter Include="ソース ファイル\Data\Player">
      <UniqueIdentifier>{889915a0-ae0d-430f-9eb3-fecec1b5d8ce}</UniqueIdentifier>
    </Filter>
    <Filter Include="ソース ファイル\Data\Tool">
      <UniqueIdentifier>{ab941c88-ed45-4fab-a24c-d947696251a2}</UniqueIdentifier>
    </Filter>
    <Filter Include="ソース ファイル\Data\Tool\Item">
      <UniqueIdentifier>{e9445218-5176-4640-af5a-52e4124e46c3}</UniqueIdentifier>
    </Filter>
    <Filter Include="ソース ファイル\Data\Tool\Magic">
      <UniqueIdentifier>{bbde5f31-19af-46c4-9d79-7bbd70a5c77b}</UniqueIdentifier>
    </Filter>
    <Filter Include="ソース ファイル\Data\Tool\Equipment">
      <UniqueIdentifier>{67da4633-e5a1-4927-955d-6247c2088024}</UniqueIdentifier>
    </Filter>
    <Filter Include="ソース ファイル\Manager\Map">
      <UniqueIdentifier>{161e5030-2f1f-4223-bb90-e19a19b75961}</UniqueIdentifier>
    </Filter>
    <Filter Include="ソース ファイル\Manager\Map\Generator">
      <UniqueIdentifier>{4af5e885-210d-4f61-9f15-1f9050918b1a}</UniqueIdentifier>
    </Filter>
    <Filter Include="ソース ファイル\Manager\PlayerData">
      <UniqueIdentifier>{4b94bd68-ec69-4857-bdcc-cfcb5b7caf43}</UniqueIdentifier>
    </Filter>
    <Filter Include="ソース ファイル\Turn">
      <UniqueIdentifier>{2ade0b2c-e68b-43a1-99c4-27ef3003cb77}</UniqueIdentifier>
    </Filter>
    <Filter Include="ソース ファイル\Manager\Data">
      <UniqueIdentifier>{bf612282-e77d-42af-9fa6-849af3e48697}</UniqueIdentifier>
    </Filter>
    <Filter Include="ソース ファイル\Turn\Part">
      <UniqueIdentifier>{679dd574-b042-43ed-a395-e8928741a002}</UniqueIdentifier>
    </Filter>
    <Filter Include="ソース ファイル\Turn\Part\Battle">
      <UniqueIdentifier>{e684bf2b-ef03-4c5f-b02b-69b80ce438ec}</UniqueIdentifier>
    </Filter>
    <Filter Include="ソース ファイル\Turn\Part\BoardGame">
      <UniqueIdentifier>{2d0e70bd-2470-4b2e-888a-89abb6fcf190}</UniqueIdentifier>
    </Filter>
    <Filter Include="ソース ファイル\Turn\Part\BoardGame\Command">
      <UniqueIdentifier>{66165b4a-7953-4b4c-93d6-02edcaad3c85}</UniqueIdentifier>
    </Filter>
    <Filter Include="ソース ファイル\Turn\Part\BoardGame\Command\Item">
      <UniqueIdentifier>{ce5d349e-5f17-4de1-9c11-e193727d1ea2}</UniqueIdentifier>
    </Filter>
    <Filter Include="ソース ファイル\Turn\Part\BoardGame\Command\Move">
      <UniqueIdentifier>{37de4ad4-b211-4ada-bb9d-3b41fba6d686}</UniqueIdentifier>
    </Filter>
    <Filter Include="ソース ファイル\Turn\Part\BoardGame\Command\Magic">
      <UniqueIdentifier>{53856d27-69ed-4b45-b9fa-7b39d3445996}</UniqueIdentifier>
    </Filter>
    <Filter Include="ソース ファイル\Turn\Part\Battle\Command">
      <UniqueIdentifier>{04ae14f9-f3e2-4c5c-ae83-d7a746b7d850}</UniqueIdentifier>
    </Filter>
    <Filter Include="ソース ファイル\Turn\Part\Battle\Command\Offense">
      <UniqueIdentifier>{1429a487-0978-4699-8d15-782effa16b14}</UniqueIdentifier>
    </Filter>
    <Filter Include="ソース ファイル\Turn\Part\Battle\Command\Defense">
      <UniqueIdentifier>{d9b12df1-b93f-4db9-9850-8adf595e6b04}</UniqueIdentifier>
    </Filter>
    <Filter Include="ソース ファイル\Data\Enemy">
      <UniqueIdentifier>{8b291914-b23f-413c-b847-0005a7b24417}</UniqueIdentifier>
    </Filter>
    <Filter Include="ソース ファイル\Manager\CharacterData">
      <UniqueIdentifier>{00a9beb8-4686-4845-9b2f-d9c93dc9c755}</UniqueIdentifier>
    </Filter>
    <Filter Include="ソース ファイル\Turn\Part\BoardGame\Effect">
      <UniqueIdentifier>{9bb4cda5-7f23-4d7f-af6e-23f3cac9ecf8}</UniqueIdentifier>
    </Filter>
    <Filter Include="ソース ファイル\Turn\Part\BoardGame\Effect\Tile">
      <UniqueIdentifier>{59ee2cfb-a6f6-44d0-a3d3-13a2ab8ef76b}</UniqueIdentifier>
    </Filter>
    <Filter Include="ソース ファイル\Turn\Part\BoardGame\Command\SearchTile">
      <UniqueIdentifier>{46bcce80-e04d-404f-927d-bb7f2b76fda3}</UniqueIdentifier>
    </Filter>
    <Filter Include="ソース ファイル\GameObject\Character">
      <UniqueIdentifier>{f919261c-729b-4616-a62c-fcbc4a51b80b}</UniqueIdentifier>
    </Filter>
    <Filter Include="ソース ファイル\GameObject\Character\Player">
      <UniqueIdentifier>{6a086b05-b067-46bc-a68b-4e44181a60e5}</UniqueIdentifier>
    </Filter>
    <Filter Include="ソース ファイル\Turn\Part\Battle\SpecialPhase">
      <UniqueIdentifier>{8e3b7061-43f5-4fa6-91cc-b9935222fb52}</UniqueIdentifier>
    </Filter>
    <Filter Include="ソース ファイル\Turn\Part\Battle\SpecialPhase\LevelUp">
      <UniqueIdentifier>{9d8902dc-f79b-4cc7-ab17-46fcdaa59526}</UniqueIdentifier>
    </Filter>
    <Filter Include="ソース ファイル\Turn\Part\Battle\SpecialPhase\Robbery">
      <UniqueIdentifier>{1fce9259-3ee9-4235-89b1-353c90557465}</UniqueIdentifier>
    </Filter>
    <Filter Include="ソース ファイル\UI">
      <UniqueIdentifier>{3ea52ad5-20c3-445f-9bb5-1aca27c78f51}</UniqueIdentifier>
    </Filter>
    <Filter Include="ソース ファイル\UI\UIObject">
      <UniqueIdentifier>{066b52ce-f588-4926-9b2a-7128ae35dbea}</UniqueIdentifier>
    </Filter>
    <Filter Include="ソース ファイル\UI\UIObject\UIText">
      <UniqueIdentifier>{8f9fd52e-2de4-4e72-a45d-e0e0380b099b}</UniqueIdentifier>
    </Filter>
    <Filter Include="ソース ファイル\UI\UIObject\UIText\Style">
      <UniqueIdentifier>{5cc649bd-1f39-4041-bb57-c4899171c9ff}</UniqueIdentifier>
    </Filter>
    <Filter Include="ソース ファイル\Manager\Font">
      <UniqueIdentifier>{53707d06-0196-452c-aeec-6b4077d40430}</UniqueIdentifier>
    </Filter>
    <Filter Include="ソース ファイル\UI\UIObject\UISprite">
      <UniqueIdentifier>{4882f3ef-0299-4e11-a8a2-65e583eaf094}</UniqueIdentifier>
    </Filter>
    <Filter Include="ソース ファイル\UI\UIObject\UIButton">
      <UniqueIdentifier>{4daa05e3-3140-4ec7-bafb-71010607e81b}</UniqueIdentifier>
    </Filter>
    <Filter Include="ソース ファイル\UI\UIObject\UIButton\Style">
      <UniqueIdentifier>{155ada30-a490-473e-a3e6-ca0446a0e7bf}</UniqueIdentifier>
    </Filter>
    <Filter Include="ソース ファイル\UI\Canvas">
      <UniqueIdentifier>{cceb5da4-f1a1-409f-8ac1-16ee79d44b1a}</UniqueIdentifier>
    </Filter>
    <Filter Include="ソース ファイル\Manager\UI">
      <UniqueIdentifier>{e9e566fa-96ca-4514-90b0-b1e3549c27b1}</UniqueIdentifier>
    </Filter>
    <Filter Include="ソース ファイル\UI\Canvas\SceneCanvas">
      <UniqueIdentifier>{7cc3d7b5-c513-4498-91f5-959b3b30ee55}</UniqueIdentifier>
    </Filter>
    <Filter Include="ソース ファイル\UI\Canvas\SceneCanvas\MainGame">
      <UniqueIdentifier>{a6061839-a1b2-470f-bdd8-488105da2a61}</UniqueIdentifier>
    </Filter>
    <Filter Include="ソース ファイル\UI\Input">
      <UniqueIdentifier>{f77e757c-1d2c-4807-9552-698e17beb87d}</UniqueIdentifier>
    </Filter>
    <Filter Include="ソース ファイル\UI\Canvas\SceneCanvas\BoardGame">
      <UniqueIdentifier>{c3640219-9341-436d-9e31-7d66e9899d4f}</UniqueIdentifier>
    </Filter>
  </ItemGroup>
  <ItemGroup>
    <ClCompile Include="src\Application.cpp">
      <Filter>ソース ファイル</Filter>
    </ClCompile>
    <ClCompile Include="src\main.cpp">
      <Filter>ソース ファイル</Filter>
    </ClCompile>
    <ClCompile Include="src\Component\ComponentBase.cpp">
      <Filter>ソース ファイル\Component</Filter>
    </ClCompile>
    <ClCompile Include="src\Component\Camera\Camera.cpp">
      <Filter>ソース ファイル\Component\Camera</Filter>
    </ClCompile>
    <ClCompile Include="src\Component\Camera\Movement\Free\CameraFreeMovement.cpp">
      <Filter>ソース ファイル\Component\Camera\Movement\Free</Filter>
    </ClCompile>
    <ClCompile Include="src\Component\Collider\Collider.cpp">
      <Filter>ソース ファイル\Component\Collider</Filter>
    </ClCompile>
    <ClCompile Include="src\Component\Transform\Transform.cpp">
      <Filter>ソース ファイル\Component\Transform</Filter>
    </ClCompile>
    <ClCompile Include="src\Definition\CommonModule\Json\MyJson.cpp">
      <Filter>ソース ファイル\Definition\CommonModule\Json</Filter>
    </ClCompile>
    <ClCompile Include="src\Definition\CommonModule\Math\MyMath.cpp">
      <Filter>ソース ファイル\Definition\CommonModule\Math</Filter>
    </ClCompile>
    <ClCompile Include="src\Definition\CommonModule\String\MyString.cpp">
      <Filter>ソース ファイル\Definition\CommonModule\String</Filter>
    </ClCompile>
    <ClCompile Include="src\GameObject\Camera\FreeCamera.cpp">
      <Filter>ソース ファイル\GameObject\Camera</Filter>
    </ClCompile>
    <ClCompile Include="src\GameObject\GameObject.cpp">
      <Filter>ソース ファイル\GameObject</Filter>
    </ClCompile>
    <ClCompile Include="src\Library\Matrix\Matrix.cpp">
      <Filter>ソース ファイル\Library\Matrix</Filter>
    </ClCompile>
    <ClCompile Include="src\Library\Matrix\ConversionMATRIX.cpp">
      <Filter>ソース ファイル\Library\Matrix</Filter>
    </ClCompile>
    <ClCompile Include="src\Library\Vector\ConversionVECTOR.cpp">
      <Filter>ソース ファイル\Library\Vector</Filter>
    </ClCompile>
    <ClCompile Include="src\Library\Vector\Vector3.cpp">
      <Filter>ソース ファイル\Library\Vector</Filter>
    </ClCompile>
    <ClCompile Include="src\Manager\Collision\CollisionManager.cpp">
      <Filter>ソース ファイル\Manager\Collision</Filter>
    </ClCompile>
    <ClCompile Include="src\Manager\Collision\NarrowPhase\NarrowPhase.cpp">
      <Filter>ソース ファイル\Manager\Collision\NarrowPhase</Filter>
    </ClCompile>
    <ClCompile Include="src\Manager\Collision\Octree\Octree.cpp">
      <Filter>ソース ファイル\Manager\Collision\Octree</Filter>
    </ClCompile>
    <ClCompile Include="src\Manager\Fade\FadeMode\FadeBase.cpp">
      <Filter>ソース ファイル\Manager\Fade\FadeMode</Filter>
    </ClCompile>
    <ClCompile Include="src\Manager\Fade\FadeManager.cpp">
      <Filter>ソース ファイル\Manager\Fade</Filter>
    </ClCompile>
    <ClCompile Include="src\Manager\GameObject\Generator\GameObjectGenerator.cpp">
      <Filter>ソース ファイル\Manager\GameObject\Generator</Filter>
    </ClCompile>
    <ClCompile Include="src\Manager\GameObject\GameObjectManager.cpp">
      <Filter>ソース ファイル\Manager\GameObject</Filter>
    </ClCompile>
    <ClCompile Include="src\Manager\Input\InputManager.cpp">
      <Filter>ソース ファイル\Manager\Input</Filter>
    </ClCompile>
    <ClCompile Include="src\Manager\Input\Pad\PadBase.cpp">
      <Filter>ソース ファイル\Manager\Input\Pad</Filter>
    </ClCompile>
    <ClCompile Include="src\Manager\Input\Pad\DirectInput\DirectInputPad.cpp">
      <Filter>ソース ファイル\Manager\Input\Pad\DirectInput</Filter>
    </ClCompile>
    <ClCompile Include="src\Manager\Input\Pad\XInput\XInputPad.cpp">
      <Filter>ソース ファイル\Manager\Input\Pad\XInput</Filter>
    </ClCompile>
    <ClCompile Include="src\Manager\Instance\Audio\Instance\AudioInstance.cpp">
      <Filter>ソース ファイル\Manager\Instance\Audio\Instance</Filter>
    </ClCompile>
    <ClCompile Include="src\Manager\Instance\Audio\AudioManager.cpp">
      <Filter>ソース ファイル\Manager\Instance\Audio</Filter>
    </ClCompile>
    <ClCompile Include="src\Manager\Resource\Audio\Resource\AudioResource.cpp">
      <Filter>ソース ファイル\Manager\Resource\Audio\Resource</Filter>
    </ClCompile>
    <ClCompile Include="src\Manager\Resource\Audio\AudioResourceManager.cpp">
      <Filter>ソース ファイル\Manager\Resource\Audio</Filter>
    </ClCompile>
    <ClCompile Include="src\Manager\Instance\Effect\Instance\EffectInstance.cpp">
      <Filter>ソース ファイル\Manager\Instance\Effect\Instance</Filter>
    </ClCompile>
    <ClCompile Include="src\Manager\Instance\Effect\EffectManager.cpp">
      <Filter>ソース ファイル\Manager\Instance\Effect</Filter>
    </ClCompile>
    <ClCompile Include="src\Manager\Resource\Effect\Resource\EffectResource.cpp">
      <Filter>ソース ファイル\Manager\Resource\Effect\Resource</Filter>
    </ClCompile>
    <ClCompile Include="src\Manager\Resource\Effect\EffectResourceManager.cpp">
      <Filter>ソース ファイル\Manager\Resource\Effect</Filter>
    </ClCompile>
    <ClCompile Include="src\Manager\Resource\Model\ModelResourceManager.cpp">
      <Filter>ソース ファイル\Manager\Resource\Model</Filter>
    </ClCompile>
    <ClCompile Include="src\Manager\ManagerBase.cpp">
      <Filter>ソース ファイル\Manager</Filter>
    </ClCompile>
    <ClCompile Include="src\Manager\Instance\InstanceBase.cpp">
      <Filter>ソース ファイル\Manager\Instance</Filter>
    </ClCompile>
    <ClCompile Include="src\Manager\Resource\ResourceBase.cpp">
      <Filter>ソース ファイル\Manager\Resource</Filter>
    </ClCompile>
    <ClCompile Include="src\Manager\Scene\GameScene\Debug\DebugSelectScene.cpp">
      <Filter>ソース ファイル\Manager\Scene\GameScene\Debug</Filter>
    </ClCompile>
    <ClCompile Include="src\Manager\Scene\GameScene\MainGame\MainGameScene.cpp">
      <Filter>ソース ファイル\Manager\Scene\GameScene\MainGame</Filter>
    </ClCompile>
    <ClCompile Include="src\Manager\Scene\GameScene\Title\TitleScene.cpp">
      <Filter>ソース ファイル\Manager\Scene\GameScene\Title</Filter>
    </ClCompile>
    <ClCompile Include="src\Manager\Time\TimeManager.cpp">
      <Filter>ソース ファイル\Manager\Time</Filter>
    </ClCompile>
    <ClCompile Include="src\Manager\Scene\SceneManager.cpp">
      <Filter>ソース ファイル\Manager\Scene</Filter>
    </ClCompile>
    <ClCompile Include="src\Manager\Scene\GameScene\SceneBase.cpp">
      <Filter>ソース ファイル\Manager\Scene\GameScene</Filter>
    </ClCompile>
    <ClCompile Include="src\ExternalLibrary\ImGui\backends\imgui_impl_dx11.cpp">
      <Filter>ImGui</Filter>
    </ClCompile>
    <ClCompile Include="src\ExternalLibrary\ImGui\backends\imgui_impl_win32.cpp">
      <Filter>ImGui</Filter>
    </ClCompile>
    <ClCompile Include="src\ExternalLibrary\ImGui\imgui.cpp">
      <Filter>ImGui</Filter>
    </ClCompile>
    <ClCompile Include="src\ExternalLibrary\ImGui\ImGuiManager.cpp">
      <Filter>ImGui</Filter>
    </ClCompile>
    <ClCompile Include="src\ExternalLibrary\ImGui\imgui_demo.cpp">
      <Filter>ImGui</Filter>
    </ClCompile>
    <ClCompile Include="src\ExternalLibrary\ImGui\imgui_draw.cpp">
      <Filter>ImGui</Filter>
    </ClCompile>
    <ClCompile Include="src\ExternalLibrary\ImGui\imgui_tables.cpp">
      <Filter>ImGui</Filter>
    </ClCompile>
    <ClCompile Include="src\ExternalLibrary\ImGui\imgui_widgets.cpp">
      <Filter>ImGui</Filter>
    </ClCompile>
    <ClCompile Include="src\Data\Player\PlayerData.cpp">
      <Filter>ソース ファイル\Data\Player</Filter>
    </ClCompile>
    <ClCompile Include="src\Manager\Map\MapManager.cpp">
      <Filter>ソース ファイル\Manager\Map</Filter>
    </ClCompile>
    <ClCompile Include="src\Manager\Data\ElementDataManager.cpp">
      <Filter>ソース ファイル\Manager\Data</Filter>
    </ClCompile>
    <ClCompile Include="src\Turn\TurnProcessor.cpp">
      <Filter>ソース ファイル\Turn</Filter>
    </ClCompile>
    <ClCompile Include="src\Turn\Part\BoardGame\Command\Move\MoveCommand.cpp">
      <Filter>ソース ファイル\Turn\Part\BoardGame\Command\Move</Filter>
    </ClCompile>
    <ClCompile Include="src\Turn\Part\BoardGame\Command\Magic\FieldMagicCommand.cpp">
      <Filter>ソース ファイル\Turn\Part\BoardGame\Command\Magic</Filter>
    </ClCompile>
    <ClCompile Include="src\Turn\Part\BoardGame\Command\Item\ItemCommand.cpp">
      <Filter>ソース ファイル\Turn\Part\BoardGame\Command\Item</Filter>
    </ClCompile>
    <ClCompile Include="src\Turn\Part\BoardGame\BoardGamePart.cpp">
      <Filter>ソース ファイル\Turn\Part\BoardGame</Filter>
    </ClCompile>
    <ClCompile Include="src\Turn\Part\Battle\BattlePart.cpp">
      <Filter>ソース ファイル\Turn\Part\Battle</Filter>
    </ClCompile>
    <ClCompile Include="src\Turn\Part\Battle\Command\Offense\OffenseCommand.cpp">
      <Filter>ソース ファイル\Turn\Part\Battle\Command\Offense</Filter>
    </ClCompile>
    <ClCompile Include="src\Turn\Part\Battle\Command\Defense\DefenseCommand.cpp">
      <Filter>ソース ファイル\Turn\Part\Battle\Command\Defense</Filter>
    </ClCompile>
    <ClCompile Include="src\Data\CharacterData.cpp">
      <Filter>ソース ファイル</Filter>
    </ClCompile>
    <ClCompile Include="src\Data\Enemy\EnemyData.cpp">
      <Filter>ソース ファイル</Filter>
    </ClCompile>
    <ClCompile Include="src\Manager\CharacterData\CharacterDataManager.cpp">
      <Filter>ソース ファイル</Filter>
    </ClCompile>
    <ClCompile Include="src\Turn\Part\BoardGame\Effect\Tile\TileEffect.cpp">
      <Filter>ソース ファイル\Turn\Part\BoardGame\Effect\Tile</Filter>
    </ClCompile>
    <ClCompile Include="src\Turn\Part\BoardGame\Command\SearchTile\SearchTileCommand.cpp">
      <Filter>ソース ファイル</Filter>
    </ClCompile>
    <ClCompile Include="src\GameObject\Character\Character.cpp">
      <Filter>ソース ファイル</Filter>
    </ClCompile>
    <ClCompile Include="src\Turn\Part\Battle\SpecialPhase\LevelUp\LevelUpPhase.cpp">
      <Filter>ソース ファイル</Filter>
    </ClCompile>
    <ClCompile Include="src\Library\Vector\Vector2.cpp">
      <Filter>ソース ファイル\Library\Vector</Filter>
    </ClCompile>
    <ClCompile Include="src\Component\Transform\RectTransform.cpp">
      <Filter>ソース ファイル</Filter>
    </ClCompile>
    <ClCompile Include="src\UI\UIObject\UIText\Style\UITextStyle.cpp">
      <Filter>ソース ファイル\UI\UIObject\UIText\Style</Filter>
    </ClCompile>
    <ClCompile Include="src\UI\UIObject\UIObject.cpp">
      <Filter>ソース ファイル\UI\UIObject</Filter>
    </ClCompile>
    <ClCompile Include="src\UI\UIObject\UISprite\UISprite.cpp">
      <Filter>ソース ファイル\UI\UIObject\UISprite</Filter>
    </ClCompile>
    <ClCompile Include="src\UI\Canvas\UICanvasBase.cpp">
      <Filter>ソース ファイル\UI\Canvas</Filter>
    </ClCompile>
    <ClCompile Include="src\Manager\UI\UIManager.cpp">
      <Filter>ソース ファイル</Filter>
    </ClCompile>
    <ClCompile Include="src\UI\UIObject\UIButton\UIButton.cpp">
      <Filter>ソース ファイル\UI\UIObject\UIButton</Filter>
    </ClCompile>
    <ClCompile Include="src\UI\UIObject\UIText\UIText.cpp">
      <Filter>ソース ファイル\UI\UIObject\UIText</Filter>
    </ClCompile>
    <ClCompile Include="src\UI\Canvas\SceneCanvas\MainGame\MainGameCanvas.cpp">
      <Filter>ソース ファイル\UI\Canvas\SceneCanvas\MainGame</Filter>
    </ClCompile>
    <ClCompile Include="src\Manager\Font\FontManager.cpp">
      <Filter>ソース ファイル\Manager\Font</Filter>
    </ClCompile>
    <ClCompile Include="src\UI\Input\UIInput.cpp">
      <Filter>ソース ファイル</Filter>
    </ClCompile>
    <ClCompile Include="src\UI\Canvas\SceneCanvas\BoardGame\BoardGameCanvas.cpp">
      <Filter>ソース ファイル\UI\Canvas\SceneCanvas\BoardGame</Filter>
    </ClCompile>
  </ItemGroup>
  <ItemGroup>
    <ClInclude Include="src\Application.h">
      <Filter>ソース ファイル</Filter>
    </ClInclude>
    <ClInclude Include="src\Component\ComponentBase.h">
      <Filter>ソース ファイル\Component</Filter>
    </ClInclude>
    <ClInclude Include="src\Component\Camera\Camera.h">
      <Filter>ソース ファイル\Component\Camera</Filter>
    </ClInclude>
    <ClInclude Include="src\Component\Camera\Movement\Free\CameraFreeMovement.h">
      <Filter>ソース ファイル\Component\Camera\Movement\Free</Filter>
    </ClInclude>
    <ClInclude Include="src\Component\Camera\Movement\CameraMovementBase.h">
      <Filter>ソース ファイル\Component\Camera\Movement</Filter>
    </ClInclude>
    <ClInclude Include="src\Component\Collider\Collider.h">
      <Filter>ソース ファイル\Component\Collider</Filter>
    </ClInclude>
    <ClInclude Include="src\Component\Transform\Transform.h">
      <Filter>ソース ファイル\Component\Transform</Filter>
    </ClInclude>
    <ClInclude Include="src\Definition\CommonModule\Json\MyJson.h">
      <Filter>ソース ファイル\Definition\CommonModule\Json</Filter>
    </ClInclude>
    <ClInclude Include="src\Definition\CommonModule\Math\MyMath.h">
      <Filter>ソース ファイル\Definition\CommonModule\Math</Filter>
    </ClInclude>
    <ClInclude Include="src\Definition\CommonModule\String\MyString.h">
      <Filter>ソース ファイル\Definition\CommonModule\String</Filter>
    </ClInclude>
    <ClInclude Include="src\Definition\Const\KeyInputConst.h">
      <Filter>ソース ファイル\Definition\Const</Filter>
    </ClInclude>
    <ClInclude Include="src\Definition\Enum\Tag.h">
      <Filter>ソース ファイル\Definition\Enum</Filter>
    </ClInclude>
    <ClInclude Include="src\DesignPattern\Singleton\Singleton.h">
      <Filter>ソース ファイル\DesignPattern\Singleton</Filter>
    </ClInclude>
    <ClInclude Include="src\GameObject\Camera\FreeCamera.h">
      <Filter>ソース ファイル\GameObject\Camera</Filter>
    </ClInclude>
    <ClInclude Include="src\GameObject\GameObject.h">
      <Filter>ソース ファイル\GameObject</Filter>
    </ClInclude>
    <ClInclude Include="src\Library\Matrix\Matrix.h">
      <Filter>ソース ファイル\Library\Matrix</Filter>
    </ClInclude>
    <ClInclude Include="src\Library\Matrix\ConversionMATRIX.h">
      <Filter>ソース ファイル\Library\Matrix</Filter>
    </ClInclude>
    <ClInclude Include="src\Library\Vector\ConversionVECTOR.h">
      <Filter>ソース ファイル\Library\Vector</Filter>
    </ClInclude>
    <ClInclude Include="src\Library\Vector\Vector3.h">
      <Filter>ソース ファイル\Library\Vector</Filter>
    </ClInclude>
    <ClInclude Include="src\Manager\Collision\CollisionManager.h">
      <Filter>ソース ファイル\Manager\Collision</Filter>
    </ClInclude>
    <ClInclude Include="src\Manager\Collision\Collider\ColliderData.h">
      <Filter>ソース ファイル\Manager\Collision\Collider</Filter>
    </ClInclude>
    <ClInclude Include="src\Manager\Collision\NarrowPhase\NarrowPhase.h">
      <Filter>ソース ファイル\Manager\Collision\NarrowPhase</Filter>
    </ClInclude>
    <ClInclude Include="src\Manager\Collision\Octree\Octree.h">
      <Filter>ソース ファイル\Manager\Collision\Octree</Filter>
    </ClInclude>
    <ClInclude Include="src\Manager\Fade\FadeMode\FadeBase.h">
      <Filter>ソース ファイル\Manager\Fade\FadeMode</Filter>
    </ClInclude>
    <ClInclude Include="src\Manager\Fade\FadeManager.h">
      <Filter>ソース ファイル\Manager\Fade</Filter>
    </ClInclude>
    <ClInclude Include="src\Manager\GameObject\Generator\GameObjectGenerator.h">
      <Filter>ソース ファイル\Manager\GameObject\Generator</Filter>
    </ClInclude>
    <ClInclude Include="src\Manager\GameObject\GameObjectManager.h">
      <Filter>ソース ファイル\Manager\GameObject</Filter>
    </ClInclude>
    <ClInclude Include="src\Manager\Input\InputManager.h">
      <Filter>ソース ファイル\Manager\Input</Filter>
    </ClInclude>
    <ClInclude Include="src\Manager\Input\Pad\PadBase.h">
      <Filter>ソース ファイル\Manager\Input\Pad</Filter>
    </ClInclude>
    <ClInclude Include="src\Manager\Input\Pad\DirectInput\DirectInputPad.h">
      <Filter>ソース ファイル\Manager\Input\Pad\DirectInput</Filter>
    </ClInclude>
    <ClInclude Include="src\Manager\Input\Pad\XInput\XInputPad.h">
      <Filter>ソース ファイル\Manager\Input\Pad\XInput</Filter>
    </ClInclude>
    <ClInclude Include="src\Manager\Instance\Audio\Instance\AudioInstance.h">
      <Filter>ソース ファイル\Manager\Instance\Audio\Instance</Filter>
    </ClInclude>
    <ClInclude Include="src\Manager\Instance\Audio\AudioManager.h">
      <Filter>ソース ファイル\Manager\Instance\Audio</Filter>
    </ClInclude>
    <ClInclude Include="src\Manager\Resource\Audio\Resource\AudioResource.h">
      <Filter>ソース ファイル\Manager\Resource\Audio\Resource</Filter>
    </ClInclude>
    <ClInclude Include="src\Manager\Resource\Audio\AudioResourceManager.h">
      <Filter>ソース ファイル\Manager\Resource\Audio</Filter>
    </ClInclude>
    <ClInclude Include="src\Manager\Instance\Effect\Instance\EffectInstance.h">
      <Filter>ソース ファイル\Manager\Instance\Effect\Instance</Filter>
    </ClInclude>
    <ClInclude Include="src\Manager\Instance\Effect\EffectManager.h">
      <Filter>ソース ファイル\Manager\Instance\Effect</Filter>
    </ClInclude>
    <ClInclude Include="src\Manager\Resource\Effect\Resource\EffectResource.h">
      <Filter>ソース ファイル\Manager\Resource\Effect\Resource</Filter>
    </ClInclude>
    <ClInclude Include="src\Manager\Resource\Effect\EffectResourceManager.h">
      <Filter>ソース ファイル\Manager\Resource\Effect</Filter>
    </ClInclude>
    <ClInclude Include="src\Manager\Resource\Model\ModelResourceManager.h">
      <Filter>ソース ファイル\Manager\Resource\Model</Filter>
    </ClInclude>
    <ClInclude Include="src\Manager\Instance\InstanceBase.h">
      <Filter>ソース ファイル\Manager\Instance</Filter>
    </ClInclude>
    <ClInclude Include="src\Manager\Resource\ResourceBase.h">
      <Filter>ソース ファイル\Manager\Resource</Filter>
    </ClInclude>
    <ClInclude Include="src\Manager\Scene\GameScene\Debug\DebugSelectScene.h">
      <Filter>ソース ファイル\Manager\Scene\GameScene\Debug</Filter>
    </ClInclude>
    <ClInclude Include="src\Manager\Scene\GameScene\MainGame\MainGameScene.h">
      <Filter>ソース ファイル\Manager\Scene\GameScene\MainGame</Filter>
    </ClInclude>
    <ClInclude Include="src\Manager\Scene\GameScene\Title\TitleScene.h">
      <Filter>ソース ファイル\Manager\Scene\GameScene\Title</Filter>
    </ClInclude>
    <ClInclude Include="src\Manager\Time\TimeManager.h">
      <Filter>ソース ファイル\Manager\Time</Filter>
    </ClInclude>
    <ClInclude Include="src\Manager\Scene\SceneManager.h">
      <Filter>ソース ファイル\Manager\Scene</Filter>
    </ClInclude>
    <ClInclude Include="src\Manager\Scene\GameScene\SceneBase.h">
      <Filter>ソース ファイル\Manager\Scene\GameScene</Filter>
    </ClInclude>
    <ClInclude Include="src\Manager\ManagerBase.h">
      <Filter>ソース ファイル\Manager</Filter>
    </ClInclude>
    <ClInclude Include="src\ExternalLibrary\ImGui\backends\imgui_impl_dx11.h">
      <Filter>ImGui</Filter>
    </ClInclude>
    <ClInclude Include="src\ExternalLibrary\ImGui\backends\imgui_impl_win32.h">
      <Filter>ImGui</Filter>
    </ClInclude>
    <ClInclude Include="src\ExternalLibrary\ImGui\imconfig.h">
      <Filter>ImGui</Filter>
    </ClInclude>
    <ClInclude Include="src\ExternalLibrary\ImGui\imgui.h">
      <Filter>ImGui</Filter>
    </ClInclude>
    <ClInclude Include="src\ExternalLibrary\ImGui\ImGuiManager.h">
      <Filter>ImGui</Filter>
    </ClInclude>
    <ClInclude Include="src\ExternalLibrary\ImGui\imgui_internal.h">
      <Filter>ImGui</Filter>
    </ClInclude>
    <ClInclude Include="src\ExternalLibrary\ImGui\imstb_rectpack.h">
      <Filter>ImGui</Filter>
    </ClInclude>
    <ClInclude Include="src\ExternalLibrary\ImGui\imstb_textedit.h">
      <Filter>ImGui</Filter>
    </ClInclude>
    <ClInclude Include="src\ExternalLibrary\ImGui\imstb_truetype.h">
      <Filter>ImGui</Filter>
    </ClInclude>
    <ClInclude Include="src\Data\Player\PlayerData.h">
      <Filter>ソース ファイル\Data\Player</Filter>
    </ClInclude>
    <ClInclude Include="src\Manager\Map\MapManager.h">
      <Filter>ソース ファイル\Manager\Map</Filter>
    </ClInclude>
    <ClInclude Include="src\Manager\Data\ElementDataManager.h">
      <Filter>ソース ファイル\Manager\Data</Filter>
    </ClInclude>
    <ClInclude Include="src\Turn\TurnProcessor.h">
      <Filter>ソース ファイル\Turn</Filter>
    </ClInclude>
    <ClInclude Include="src\Turn\Part\BoardGame\Command\Move\MoveCommand.h">
      <Filter>ソース ファイル\Turn\Part\BoardGame\Command\Move</Filter>
    </ClInclude>
    <ClInclude Include="src\Turn\Part\BoardGame\Command\Magic\FieldMagicCommand.h">
      <Filter>ソース ファイル\Turn\Part\BoardGame\Command\Magic</Filter>
    </ClInclude>
    <ClInclude Include="src\Turn\Part\BoardGame\Command\Item\ItemCommand.h">
      <Filter>ソース ファイル\Turn\Part\BoardGame\Command\Item</Filter>
    </ClInclude>
    <ClInclude Include="src\Turn\Part\BoardGame\BoardGamePart.h">
      <Filter>ソース ファイル\Turn\Part\BoardGame</Filter>
    </ClInclude>
    <ClInclude Include="src\Turn\Part\Battle\BattlePart.h">
      <Filter>ソース ファイル\Turn\Part\Battle</Filter>
    </ClInclude>
    <ClInclude Include="src\Turn\Part\Battle\Command\Offense\OffenseCommand.h">
      <Filter>ソース ファイル\Turn\Part\Battle\Command\Offense</Filter>
    </ClInclude>
    <ClInclude Include="src\Turn\Part\Battle\Command\Defense\DefenseCommand.h">
      <Filter>ソース ファイル\Turn\Part\Battle\Command\Defense</Filter>
    </ClInclude>
    <ClInclude Include="src\Data\CharacterData.h">
      <Filter>ヘッダー ファイル</Filter>
    </ClInclude>
    <ClInclude Include="src\Data\Enemy\EnemyData.h">
      <Filter>ヘッダー ファイル</Filter>
    </ClInclude>
    <ClInclude Include="src\Manager\CharacterData\CharacterDataManager.h">
      <Filter>ヘッダー ファイル</Filter>
    </ClInclude>
    <ClInclude Include="src\Turn\Part\BoardGame\Effect\Tile\TileEffect.h">
      <Filter>ソース ファイル\Turn\Part\BoardGame\Effect\Tile</Filter>
    </ClInclude>
    <ClInclude Include="src\Turn\Part\BoardGame\Command\SearchTile\SearchTileCommand.h">
      <Filter>ヘッダー ファイル</Filter>
    </ClInclude>
    <ClInclude Include="src\GameObject\Character\Character.h">
      <Filter>ヘッダー ファイル</Filter>
    </ClInclude>
    <ClInclude Include="src\Turn\Part\Battle\SpecialPhase\LevelUp\LevelUpPhase.h">
      <Filter>ヘッダー ファイル</Filter>
    </ClInclude>
    <ClInclude Include="src\Library\Vector\Vector2.h">
      <Filter>ソース ファイル\Library\Vector</Filter>
    </ClInclude>
    <ClInclude Include="src\Component\Transform\RectTransform.h">
      <Filter>ヘッダー ファイル</Filter>
    </ClInclude>
    <ClInclude Include="src\UI\UIObject\UIText\Style\UITextStyle.h">
      <Filter>ソース ファイル\UI\UIObject\UIText\Style</Filter>
    </ClInclude>
    <ClInclude Include="src\UI\UIObject\UIText\UIText.h">
      <Filter>ソース ファイル\UI\UIObject\UIText</Filter>
    </ClInclude>
    <ClInclude Include="src\UI\UIObject\UIObject.h">
      <Filter>ソース ファイル\UI\UIObject</Filter>
    </ClInclude>
    <ClInclude Include="src\Manager\Font\FontManager.h">
      <Filter>ソース ファイル\Manager\Font</Filter>
    </ClInclude>
    <ClInclude Include="src\UI\UIObject\UISprite\UISprite.h">
      <Filter>ソース ファイル\UI\UIObject\UISprite</Filter>
    </ClInclude>
    <ClInclude Include="src\UI\UIObject\UIButton\Style\UIButtonStyle.h">
      <Filter>ソース ファイル\UI\UIObject\UIButton\Style</Filter>
    </ClInclude>
    <ClInclude Include="src\UI\UIObject\UIButton\UIButton.h">
      <Filter>ソース ファイル\UI\UIObject\UIButton</Filter>
    </ClInclude>
    <ClInclude Include="src\UI\Canvas\UICanvasBase.h">
      <Filter>ソース ファイル\UI\Canvas</Filter>
    </ClInclude>
    <ClInclude Include="src\Manager\UI\UIManager.h">
      <Filter>ヘッダー ファイル</Filter>
    </ClInclude>
    <ClInclude Include="src\UI\Input\UIInput.h">
      <Filter>ヘッダー ファイル</Filter>
    </ClInclude>
    <ClInclude Include="src\UI\Canvas\SceneCanvas\BoardGame\BoardGameCanvas.h">
      <Filter>ソース ファイル\UI\Canvas\SceneCanvas\BoardGame</Filter>
    </ClInclude>
    <ClInclude Include="src\UI\Canvas\SceneCanvas\MainGame\MainGameCanvas.h">
      <Filter>ソース ファイル\UI\Canvas\SceneCanvas\MainGame</Filter>
    </ClInclude>
  </ItemGroup>
</Project>